
Microsoft Visual Studio Solution File, Format Version 12.00
# Visual Studio 15
VisualStudioVersion = 15.0.27703.2026
MinimumVisualStudioVersion = 10.0.40219.1
Project("{FAE04EC0-301F-11D3-BF4B-00C04F79EFBC}") = "Arbol Binario", "Arbol Binario\Arbol Binario.csproj", "{7A83B327-B79C-49F9-B868-0A1A9D4A35A4}"
EndProject
Global
	GlobalSection(SolutionConfigurationPlatforms) = preSolution
		Debug|Any CPU = Debug|Any CPU
		Release|Any CPU = Release|Any CPU
	EndGlobalSection
	GlobalSection(ProjectConfigurationPlatforms) = postSolution
		{7A83B327-B79C-49F9-B868-0A1A9D4A35A4}.Debug|Any CPU.ActiveCfg = Debug|Any CPU
		{7A83B327-B79C-49F9-B868-0A1A9D4A35A4}.Debug|Any CPU.Build.0 = Debug|Any CPU
		{7A83B327-B79C-49F9-B868-0A1A9D4A35A4}.Release|Any CPU.ActiveCfg = Release|Any CPU
		{7A83B327-B79C-49F9-B868-0A1A9D4A35A4}.Release|Any CPU.Build.0 = Release|Any CPU
	EndGlobalSection
	GlobalSection(SolutionProperties) = preSolution
		HideSolutionNode = FALSE
	EndGlobalSection
	GlobalSection(ExtensibilityGlobals) = postSolution
		SolutionGuid = {A5467936-14C6-4632-98F0-21CA88EC369B}
	EndGlobalSection
EndGlobal
